# This file was autogenerated by Stack.
# You should not edit this file by hand.
# For more information, please see the documentation at:
#   https://docs.haskellstack.org/en/stable/lock_files

packages:
- completed:
    hackage: snappy-framing-0.1.2@sha256:68c8f44e7b1e04d0342b83bae62f390350875bc4fcf4c203c0ad012323508f64,1196
    pantry-tree:
      size: 353
      sha256: ea6264bffff23359dabd83d38f58247277c20a0b669779c0a76c3cf5f79d9234
  original:
    hackage: snappy-framing-0.1.2
- completed:
    hackage: snappy-0.2.0.2@sha256:2931b03c5fdab2dac8d7eadb3be2f4ef8906666e43f1f1db65a06efd57ea701b,1591
    pantry-tree:
      size: 709
      sha256: cd05c6ddfbbd3969adab3869d38d161e5ec8e72b1a72e00ca08f5e39538368cf
  original:
    hackage: snappy-0.2.0.2
- completed:
    hackage: ghc-lib-8.8.1@sha256:5adc7b752006d38d32b51b975f66f6d32c5127f7bc49a31c465b0d5b9e282508,15747
    pantry-tree:
      size: 28154
      sha256: 326dddd9f60ac8b92e3e102f89c91aade4fed6d484be3841917051d3dc41eda1
  original:
    hackage: ghc-lib-8.8.1@sha256:5adc7b752006d38d32b51b975f66f6d32c5127f7bc49a31c465b0d5b9e282508,15747
- completed:
    hackage: ghc-lib-8.8.1@sha256:5adc7b752006d38d32b51b975f66f6d32c5127f7bc49a31c465b0d5b9e282508,15747
    pantry-tree:
      size: 28154
      sha256: 326dddd9f60ac8b92e3e102f89c91aade4fed6d484be3841917051d3dc41eda1
  original:
    hackage: ghc-lib-8.8.1@sha256:5adc7b752006d38d32b51b975f66f6d32c5127f7bc49a31c465b0d5b9e282508,15747
- completed:
    hackage: ghc-lib-parser-8.8.1@sha256:81dc4ed6ae6b7ccfda1e62e3c2d9a8600f8ecf45e4237d4dc099ccd4b74db180,8341
    pantry-tree:
      size: 18001
      sha256: d848b118b7af6a7e79340eb97de39dcfc600bdd2fec3ee91db5e848a283cd081
  original:
    hackage: ghc-lib-parser-8.8.1@sha256:81dc4ed6ae6b7ccfda1e62e3c2d9a8600f8ecf45e4237d4dc099ccd4b74db180,8341
- completed:
    hackage: haskell-src-exts-1.23.0@sha256:1bb9f7e97d569e56973133cb075fdcc1bfd11f90d94b035b5cf44814bb39a73d,4541
    pantry-tree:
      size: 97804
      sha256: 8e5bc885533431db9bf75e9609f6b80b56ab0c289a903d701f8628e78322afd0
  original:
    hackage: haskell-src-exts-1.23.0@sha256:1bb9f7e97d569e56973133cb075fdcc1bfd11f90d94b035b5cf44814bb39a73d,4541
- completed:
    hackage: store-0.7.2@sha256:94ca07b2af0ee15ee9e71f1576ea630676c3c016788c3dcb19d33d2998c3c228,7825
    pantry-tree:
      size: 1292
      sha256: 9cfa13cb040285bf132085f3b75f31cdfad279fe7f31f05e5b20b2a2f9d85aca
  original:
    hackage: store-0.7.2@sha256:94ca07b2af0ee15ee9e71f1576ea630676c3c016788c3dcb19d33d2998c3c228,7825
snapshots:
- completed:
    size: 524799
    url: https://raw.githubusercontent.com/commercialhaskell/stackage-snapshots/master/lts/14/17.yaml
    sha256: 1d72b33c0fc048e23f4f18fd76a6ad79dd1d8a3c054644098a71a09855e40c7c
  original: lts-14.17
